// !$*UTF8*$!
{
	archiveVersion = 1;
	classes = {
	};
	objectVersion = 46;
	objects = {

/* Begin PBXBuildFile section */
		FABA31A01D1509B7007B415B /* AppDelegate.swift in Sources */ = {isa = PBXBuildFile; fileRef = FABA319F1D1509B7007B415B /* AppDelegate.swift */; };
		FABA31A21D1509B7007B415B /* ViewController.swift in Sources */ = {isa = PBXBuildFile; fileRef = FABA31A11D1509B7007B415B /* ViewController.swift */; };
		FABA31A51D1509B7007B415B /* Main.storyboard in Resources */ = {isa = PBXBuildFile; fileRef = FABA31A31D1509B7007B415B /* Main.storyboard */; };
		FABA31A71D1509B7007B415B /* Assets.xcassets in Resources */ = {isa = PBXBuildFile; fileRef = FABA31A61D1509B7007B415B /* Assets.xcassets */; };
		FABA31AA1D1509B7007B415B /* LaunchScreen.storyboard in Resources */ = {isa = PBXBuildFile; fileRef = FABA31A81D1509B7007B415B /* LaunchScreen.storyboard */; };
		FABA31B51D1509B7007B415B /* StoryBoardTestTests.swift in Sources */ = {isa = PBXBuildFile; fileRef = FABA31B41D1509B7007B415B /* StoryBoardTestTests.swift */; };
		FABA31C01D1509B7007B415B /* StoryBoardTestUITests.swift in Sources */ = {isa = PBXBuildFile; fileRef = FABA31BF1D1509B7007B415B /* StoryBoardTestUITests.swift */; };
/* End PBXBuildFile section */

/* Begin PBXContainerItemProxy section */
		FABA31B11D1509B7007B415B /* PBXContainerItemProxy */ = {
			isa = PBXContainerItemProxy;
			containerPortal = FABA31941D1509B6007B415B /* Project object */;
			proxyType = 1;
			remoteGlobalIDString = FABA319B1D1509B6007B415B;
			remoteInfo = StoryBoardTest;
		};
		FABA31BC1D1509B7007B415B /* PBXContainerItemProxy */ = {
			isa = PBXContainerItemProxy;
			containerPortal = FABA31941D1509B6007B415B /* Project object */;
			proxyType = 1;
			remoteGlobalIDString = FABA319B1D1509B6007B415B;
			remoteInfo = StoryBoardTest;
		};
/* End PBXContainerItemProxy section */

/* Begin PBXFileReference section */
		FABA319C1D1509B6007B415B /* StoryBoardTest.app */ = {isa = PBXFileReference; explicitFileType = wrapper.application; includeInIndex = 0; path = StoryBoardTest.app; sourceTree = BUILT_PRODUCTS_DIR; };
		FABA319F1D1509B7007B415B /* AppDelegate.swift */ = {isa = PBXFileReference; lastKnownFileType = sourcecode.swift; path = AppDelegate.swift; sourceTree = "<group>"; };
		FABA31A11D1509B7007B415B /* ViewController.swift */ = {isa = PBXFileReference; lastKnownFileType = sourcecode.swift; path = ViewController.swift; sourceTree = "<group>"; };
		FABA31A41D1509B7007B415B /* Base */ = {isa = PBXFileReference; lastKnownFileType = file.storyboard; name = Base; path = Base.lproj/Main.storyboard; sourceTree = "<group>"; };
		FABA31A61D1509B7007B415B /* Assets.xcassets */ = {isa = PBXFileReference; lastKnownFileType = folder.assetcatalog; path = Assets.xcassets; sourceTree = "<group>"; };
		FABA31A91D1509B7007B415B /* Base */ = {isa = PBXFileReference; lastKnownFileType = file.storyboard; name = Base; path = Base.lproj/LaunchScreen.storyboard; sourceTree = "<group>"; };
		FABA31AB1D1509B7007B415B /* Info.plist */ = {isa = PBXFileReference; lastKnownFileType = text.plist.xml; path = Info.plist; sourceTree = "<group>"; };
		FABA31B01D1509B7007B415B /* StoryBoardTestTests.xctest */ = {isa = PBXFileReference; explicitFileType = wrapper.cfbundle; includeInIndex = 0; path = StoryBoardTestTests.xctest; sourceTree = BUILT_PRODUCTS_DIR; };
		FABA31B41D1509B7007B415B /* StoryBoardTestTests.swift */ = {isa = PBXFileReference; lastKnownFileType = sourcecode.swift; path = StoryBoardTestTests.swift; sourceTree = "<group>"; };
		FABA31B61D1509B7007B415B /* Info.plist */ = {isa = PBXFileReference; lastKnownFileType = text.plist.xml; path = Info.plist; sourceTree = "<group>"; };
		FABA31BB1D1509B7007B415B /* StoryBoardTestUITests.xctest */ = {isa = PBXFileReference; explicitFileType = wrapper.cfbundle; includeInIndex = 0; path = StoryBoardTestUITests.xctest; sourceTree = BUILT_PRODUCTS_DIR; };
		FABA31BF1D1509B7007B415B /* StoryBoardTestUITests.swift */ = {isa = PBXFileReference; lastKnownFileType = sourcecode.swift; path = StoryBoardTestUITests.swift; sourceTree = "<group>"; };
		FABA31C11D1509B7007B415B /* Info.plist */ = {isa = PBXFileReference; lastKnownFileType = text.plist.xml; path = Info.plist; sourceTree = "<group>"; };
/* End PBXFileReference section */

/* Begin PBXFrameworksBuildPhase section */
		FABA31991D1509B6007B415B /* Frameworks */ = {
			isa = PBXFrameworksBuildPhase;
			buildActionMask = 2147483647;
			files = (
			);
			runOnlyForDeploymentPostprocessing = 0;
		};
		FABA31AD1D1509B7007B415B /* Frameworks */ = {
			isa = PBXFrameworksBuildPhase;
			buildActionMask = 2147483647;
			files = (
			);
			runOnlyForDeploymentPostprocessing = 0;
		};
		FABA31B81D1509B7007B415B /* Frameworks */ = {
			isa = PBXFrameworksBuildPhase;
			buildActionMask = 2147483647;
			files = (
			);
			runOnlyForDeploymentPostprocessing = 0;
		};
/* End PBXFrameworksBuildPhase section */

/* Begin PBXGroup section */
		FABA31931D1509B6007B415B = {
			isa = PBXGroup;
			children = (
				FABA319E1D1509B7007B415B /* StoryBoardTest */,
				FABA31B31D1509B7007B415B /* StoryBoardTestTests */,
				FABA31BE1D1509B7007B415B /* StoryBoardTestUITests */,
				FABA319D1D1509B6007B415B /* Products */,
			);
			sourceTree = "<group>";
		};
		FABA319D1D1509B6007B415B /* Products */ = {
			isa = PBXGroup;
			children = (
				FABA319C1D1509B6007B415B /* StoryBoardTest.app */,
				FABA31B01D1509B7007B415B /* StoryBoardTestTests.xctest */,
				FABA31BB1D1509B7007B415B /* StoryBoardTestUITests.xctest */,
			);
			name = Products;
			sourceTree = "<group>";
		};
		FABA319E1D1509B7007B415B /* StoryBoardTest */ = {
			isa = PBXGroup;
			children = (
				FABA319F1D1509B7007B415B /* AppDelegate.swift */,
				FABA31A11D1509B7007B415B /* ViewController.swift */,
				FABA31A31D1509B7007B415B /* Main.storyboard */,
				FABA31A61D1509B7007B415B /* Assets.xcassets */,
				FABA31A81D1509B7007B415B /* LaunchScreen.storyboard */,
				FABA31AB1D1509B7007B415B /* Info.plist */,
			);
			path = StoryBoardTest;
			sourceTree = "<group>";
		};
		FABA31B31D1509B7007B415B /* StoryBoardTestTests */ = {
			isa = PBXGroup;
			children = (
				FABA31B41D1509B7007B415B /* StoryBoardTestTests.swift */,
				FABA31B61D1509B7007B415B /* Info.plist */,
			);
			path = StoryBoardTestTests;
			sourceTree = "<group>";
		};
		FABA31BE1D1509B7007B415B /* StoryBoardTestUITests */ = {
			isa = PBXGroup;
			children = (
				FABA31BF1D1509B7007B415B /* StoryBoardTestUITests.swift */,
				FABA31C11D1509B7007B415B /* Info.plist */,
			);
			path = StoryBoardTestUITests;
			sourceTree = "<group>";
		};
/* End PBXGroup section */

/* Begin PBXNativeTarget section */
		FABA319B1D1509B6007B415B /* StoryBoardTest */ = {
			isa = PBXNativeTarget;
			buildConfigurationList = FABA31C41D1509B7007B415B /* Build configuration list for PBXNativeTarget "StoryBoardTest" */;
			buildPhases = (
				FABA31981D1509B6007B415B /* Sources */,
				FABA31991D1509B6007B415B /* Frameworks */,
				FABA319A1D1509B6007B415B /* Resources */,
			);
			buildRules = (
			);
			dependencies = (
			);
			name = StoryBoardTest;
			productName = StoryBoardTest;
			productReference = FABA319C1D1509B6007B415B /* StoryBoardTest.app */;
			productType = "com.apple.product-type.application";
		};
		FABA31AF1D1509B7007B415B /* StoryBoardTestTests */ = {
			isa = PBXNativeTarget;
			buildConfigurationList = FABA31C71D1509B7007B415B /* Build configuration list for PBXNativeTarget "StoryBoardTestTests" */;
			buildPhases = (
				FABA31AC1D1509B7007B415B /* Sources */,
				FABA31AD1D1509B7007B415B /* Frameworks */,
				FABA31AE1D1509B7007B415B /* Resources */,
			);
			buildRules = (
			);
			dependencies = (
				FABA31B21D1509B7007B415B /* PBXTargetDependency */,
			);
			name = StoryBoardTestTests;
			productName = StoryBoardTestTests;
			productReference = FABA31B01D1509B7007B415B /* StoryBoardTestTests.xctest */;
			productType = "com.apple.product-type.bundle.unit-test";
		};
		FABA31BA1D1509B7007B415B /* StoryBoardTestUITests */ = {
			isa = PBXNativeTarget;
			buildConfigurationList = FABA31CA1D1509B7007B415B /* Build configuration list for PBXNativeTarget "StoryBoardTestUITests" */;
			buildPhases = (
				FABA31B71D1509B7007B415B /* Sources */,
				FABA31B81D1509B7007B415B /* Frameworks */,
				FABA31B91D1509B7007B415B /* Resources */,
			);
			buildRules = (
			);
			dependencies = (
				FABA31BD1D1509B7007B415B /* PBXTargetDependency */,
			);
			name = StoryBoardTestUITests;
			productName = StoryBoardTestUITests;
			productReference = FABA31BB1D1509B7007B415B /* StoryBoardTestUITests.xctest */;
			productType = "com.apple.product-type.bundle.ui-testing";
		};
/* End PBXNativeTarget section */

/* Begin PBXProject section */
		FABA31941D1509B6007B415B /* Project object */ = {
			isa = PBXProject;
			attributes = {
				LastSwiftUpdateCheck = 0730;
				LastUpgradeCheck = 0730;
				ORGANIZATIONNAME = yuya;
				TargetAttributes = {
					FABA319B1D1509B6007B415B = {
						CreatedOnToolsVersion = 7.3.1;
						DevelopmentTeam = DXU23C35DS;
					};
					FABA31AF1D1509B7007B415B = {
						CreatedOnToolsVersion = 7.3.1;
						TestTargetID = FABA319B1D1509B6007B415B;
					};
					FABA31BA1D1509B7007B415B = {
						CreatedOnToolsVersion = 7.3.1;
						TestTargetID = FABA319B1D1509B6007B415B;
					};
				};
			};
			buildConfigurationList = FABA31971D1509B6007B415B /* Build configuration list for PBXProject "StoryBoardTest" */;
			compatibilityVersion = "Xcode 3.2";
			developmentRegion = English;
			hasScannedForEncodings = 0;
			knownRegions = (
				en,
				Base,
			);
			mainGroup = FABA31931D1509B6007B415B;
			productRefGroup = FABA319D1D1509B6007B415B /* Products */;
			projectDirPath = "";
			projectRoot = "";
			targets = (
				FABA319B1D1509B6007B415B /* StoryBoardTest */,
				FABA31AF1D1509B7007B415B /* StoryBoardTestTests */,
				FABA31BA1D1509B7007B415B /* StoryBoardTestUITests */,
			);
		};
/* End PBXProject section */

/* Begin PBXResourcesBuildPhase section */
		FABA319A1D1509B6007B415B /* Resources */ = {
			isa = PBXResourcesBuildPhase;
			buildActionMask = 2147483647;
			files = (
				FABA31AA1D1509B7007B415B /* LaunchScreen.storyboard in Resources */,
				FABA31A71D1509B7007B415B /* Assets.xcassets in Resources */,
				FABA31A51D1509B7007B415B /* Main.storyboard in Resources */,
			);
			runOnlyForDeploymentPostprocessing = 0;
		};
		FABA31AE1D1509B7007B415B /* Resources */ = {
			isa = PBXResourcesBuildPhase;
			buildActionMask = 2147483647;
			files = (
			);
			runOnlyForDeploymentPostprocessing = 0;
		};
		FABA31B91D1509B7007B415B /* Resources */ = {
			isa = PBXResourcesBuildPhase;
			buildActionMask = 2147483647;
			files = (
			);
			runOnlyForDeploymentPostprocessing = 0;
		};
/* End PBXResourcesBuildPhase section */

/* Begin PBXSourcesBuildPhase section */
		FABA31981D1509B6007B415B /* Sources */ = {
			isa = PBXSourcesBuildPhase;
			buildActionMask = 2147483647;
			files = (
				FABA31A21D1509B7007B415B /* ViewController.swift in Sources */,
				FABA31A01D1509B7007B415B /* AppDelegate.swift in Sources */,
			);
			runOnlyForDeploymentPostprocessing = 0;
		};
		FABA31AC1D1509B7007B415B /* Sources */ = {
			isa = PBXSourcesBuildPhase;
			buildActionMask = 2147483647;
			files = (
				FABA31B51D1509B7007B415B /* StoryBoardTestTests.swift in Sources */,
			);
			runOnlyForDeploymentPostprocessing = 0;
		};
		FABA31B71D1509B7007B415B /* Sources */ = {
			isa = PBXSourcesBuildPhase;
			buildActionMask = 2147483647;
			files = (
				FABA31C01D1509B7007B415B /* StoryBoardTestUITests.swift in Sources */,
			);
			runOnlyForDeploymentPostprocessing = 0;
		};
/* End PBXSourcesBuildPhase section */

/* Begin PBXTargetDependency section */
		FABA31B21D1509B7007B415B /* PBXTargetDependency */ = {
			isa = PBXTargetDependency;
			target = FABA319B1D1509B6007B415B /* StoryBoardTest */;
			targetProxy = FABA31B11D1509B7007B415B /* PBXContainerItemProxy */;
		};
		FABA31BD1D1509B7007B415B /* PBXTargetDependency */ = {
			isa = PBXTargetDependency;
			target = FABA319B1D1509B6007B415B /* StoryBoardTest */;
			targetProxy = FABA31BC1D1509B7007B415B /* PBXContainerItemProxy */;
		};
/* End PBXTargetDependency section */

/* Begin PBXVariantGroup section */
		FABA31A31D1509B7007B415B /* Main.storyboard */ = {
			isa = PBXVariantGroup;
			children = (
				FABA31A41D1509B7007B415B /* Base */,
			);
			name = Main.storyboard;
			sourceTree = "<group>";
		};
		FABA31A81D1509B7007B415B /* LaunchScreen.storyboard */ = {
			isa = PBXVariantGroup;
			children = (
				FABA31A91D1509B7007B415B /* Base */,
			);
			name = LaunchScreen.storyboard;
			sourceTree = "<group>";
		};
/* End PBXVariantGroup section */

/* Begin XCBuildConfiguration section */
		FABA31C21D1509B7007B415B /* Debug */ = {
			isa = XCBuildConfiguration;
			buildSettings = {
				ALWAYS_SEARCH_USER_PATHS = NO;
				CLANG_ANALYZER_NONNULL = YES;
				CLANG_CXX_LANGUAGE_STANDARD = "gnu++0x";
				CLANG_CXX_LIBRARY = "libc++";
				CLANG_ENABLE_MODULES = YES;
				CLANG_ENABLE_OBJC_ARC = YES;
				CLANG_WARN_BOOL_CONVERSION = YES;
				CLANG_WARN_CONSTANT_CONVERSION = YES;
				CLANG_WARN_DIRECT_OBJC_ISA_USAGE = YES_ERROR;
				CLANG_WARN_EMPTY_BODY = YES;
				CLANG_WARN_ENUM_CONVERSION = YES;
				CLANG_WARN_INT_CONVERSION = YES;
				CLANG_WARN_OBJC_ROOT_CLASS = YES_ERROR;
				CLANG_WARN_UNREACHABLE_CODE = YES;
				CLANG_WARN__DUPLICATE_METHOD_MATCH = YES;
				"CODE_SIGN_IDENTITY[sdk=iphoneos*]" = "iPhone Developer";
				COPY_PHASE_STRIP = NO;
				DEBUG_INFORMATION_FORMAT = dwarf;
				ENABLE_STRICT_OBJC_MSGSEND = YES;
				ENABLE_TESTABILITY = YES;
				GCC_C_LANGUAGE_STANDARD = gnu99;
				GCC_DYNAMIC_NO_PIC = NO;
				GCC_NO_COMMON_BLOCKS = YES;
				GCC_OPTIMIZATION_LEVEL = 0;
				GCC_PREPROCESSOR_DEFINITIONS = (
					"DEBUG=1",
					"$(inherited)",
				);
				GCC_WARN_64_TO_32_BIT_CONVERSION = YES;
				GCC_WARN_ABOUT_RETURN_TYPE = YES_ERROR;
				GCC_WARN_UNDECLARED_SELECTOR = YES;
				GCC_WARN_UNINITIALIZED_AUTOS = YES_AGGRESSIVE;
				GCC_WARN_UNUSED_FUNCTION = YES;
				GCC_WARN_UNUSED_VARIABLE = YES;
				IPHONEOS_DEPLOYMENT_TARGET = 9.3;
				MTL_ENABLE_DEBUG_INFO = YES;
				ONLY_ACTIVE_ARCH = YES;
				SDKROOT = iphoneos;
				SWIFT_OPTIMIZATION_LEVEL = "-Onone";
			};
			name = Debug;
		};
		FABA31C31D1509B7007B415B /* Release */ = {
			isa = XCBuildConfiguration;
			buildSettings = {
				ALWAYS_SEARCH_USER_PATHS = NO;
				CLANG_ANALYZER_NONNULL = YES;
				CLANG_CXX_LANGUAGE_STANDARD = "gnu++0x";
				CLANG_CXX_LIBRARY = "libc++";
				CLANG_ENABLE_MODULES = YES;
				CLANG_ENABLE_OBJC_ARC = YES;
				CLANG_WARN_BOOL_CONVERSION = YES;
				CLANG_WARN_CONSTANT_CONVERSION = YES;
				CLANG_WARN_DIRECT_OBJC_ISA_USAGE = YES_ERROR;
				CLANG_WARN_EMPTY_BODY = YES;
				CLANG_WARN_ENUM_CONVERSION = YES;
				CLANG_WARN_INT_CONVERSION = YES;
				CLANG_WARN_OBJC_ROOT_CLASS = YES_ERROR;
				CLANG_WARN_UNREACHABLE_CODE = YES;
				CLANG_WARN__DUPLICATE_METHOD_MATCH = YES;
				"CODE_SIGN_IDENTITY[sdk=iphoneos*]" = "iPhone Developer";
				COPY_PHASE_STRIP = NO;
				DEBUG_INFORMATION_FORMAT = "dwarf-with-dsym";
				ENABLE_NS_ASSERTIONS = NO;
				ENABLE_STRICT_OBJC_MSGSEND = YES;
				GCC_C_LANGUAGE_STANDARD = gnu99;
				GCC_NO_COMMON_BLOCKS = YES;
				GCC_WARN_64_TO_32_BIT_CONVERSION = YES;
				GCC_WARN_ABOUT_RETURN_TYPE = YES_ERROR;
				GCC_WARN_UNDECLARED_SELECTOR = YES;
				GCC_WARN_UNINITIALIZED_AUTOS = YES_AGGRESSIVE;
				GCC_WARN_UNUSED_FUNCTION = YES;
				GCC_WARN_UNUSED_VARIABLE = YES;
				IPHONEOS_DEPLOYMENT_TARGET = 9.3;
				MTL_ENABLE_DEBUG_INFO = NO;
				SDKROOT = iphoneos;
				VALIDATE_PRODUCT = YES;
			};
			name = Release;
		};
		FABA31C51D1509B7007B415B /* Debug */ = {
			isa = XCBuildConfiguration;
			buildSettings = {
				ASSETCATALOG_COMPILER_APPICON_NAME = AppIcon;
				CODE_SIGN_IDENTITY = "iPhone Developer";
				INFOPLIST_FILE = StoryBoardTest/Info.plist;
				LD_RUNPATH_SEARCH_PATHS = "$(inherited) @executable_path/Frameworks";
				PRODUCT_BUNDLE_IDENTIFIER = gmail.com.StoryBoardTest;
				PRODUCT_NAME = "$(TARGET_NAME)";
			};
			name = Debug;
		};
		FABA31C61D1509B7007B415B /* Release */ = {
			isa = XCBuildConfiguration;
			buildSettings = {
				ASSETCATALOG_COMPILER_APPICON_NAME = AppIcon;
				CODE_SIGN_IDENTITY = "iPhone Developer";
				INFOPLIST_FILE = StoryBoardTest/Info.plist;
				LD_RUNPATH_SEARCH_PATHS = "$(inherited) @executable_path/Frameworks";
				PRODUCT_BUNDLE_IDENTIFIER = gmail.com.StoryBoardTest;
				PRODUCT_NAME = "$(TARGET_NAME)";
			};
			name = Release;
		};
		FABA31C81D1509B7007B415B /* Debug */ = {
			isa = XCBuildConfiguration;
			buildSettings = {
				BUNDLE_LOADER = "$(TEST_HOST)";
				INFOPLIST_FILE = StoryBoardTestTests/Info.plist;
				LD_RUNPATH_SEARCH_PATHS = "$(inherited) @executable_path/Frameworks @loader_path/Frameworks";
				PRODUCT_BUNDLE_IDENTIFIER = gmail.com.StoryBoardTestTests;
				PRODUCT_NAME = "$(TARGET_NAME)";
				TEST_HOST = "$(BUILT_PRODUCTS_DIR)/StoryBoardTest.app/StoryBoardTest";
			};
			name = Debug;
		};
		FABA31C91D1509B7007B415B /* Release */ = {
			isa = XCBuildConfiguration;
			buildSettings = {
				BUNDLE_LOADER = "$(TEST_HOST)";
				INFOPLIST_FILE = StoryBoardTestTests/Info.plist;
				LD_RUNPATH_SEARCH_PATHS = "$(inherited) @executable_path/Frameworks @loader_path/Frameworks";
				PRODUCT_BUNDLE_IDENTIFIER = gmail.com.StoryBoardTestTests;
				PRODUCT_NAME = "$(TARGET_NAME)";
				TEST_HOST = "$(BUILT_PRODUCTS_DIR)/StoryBoardTest.app/StoryBoardTest";
			};
			name = Release;
		};
		FABA31CB1D1509B7007B415B /* Debug */ = {
			isa = XCBuildConfiguration;
			buildSettings = {
				INFOPLIST_FILE = StoryBoardTestUITests/Info.plist;
				LD_RUNPATH_SEARCH_PATHS = "$(inherited) @executable_path/Frameworks @loader_path/Frameworks";
				PRODUCT_BUNDLE_IDENTIFIER = gmail.com.StoryBoardTestUITests;
				PRODUCT_NAME = "$(TARGET_NAME)";
				TEST_TARGET_NAME = StoryBoardTest;
			};
			name = Debug;
		};
		FABA31CC1D1509B7007B415B /* Release */ = {
			isa = XCBuildConfiguration;
			buildSettings = {
				INFOPLIST_FILE = StoryBoardTestUITests/Info.plist;
				LD_RUNPATH_SEARCH_PATHS = "$(inherited) @executable_path/Frameworks @loader_path/Frameworks";
				PRODUCT_BUNDLE_IDENTIFIER = gmail.com.StoryBoardTestUITests;
				PRODUCT_NAME = "$(TARGET_NAME)";
				TEST_TARGET_NAME = StoryBoardTest;
			};
			name = Release;
		};
/* End XCBuildConfiguration section */

/* Begin XCConfigurationList section */
		FABA31971D1509B6007B415B /* Build configuration list for PBXProject "StoryBoardTest" */ = {
			isa = XCConfigurationList;
			buildConfigurations = (
				FABA31C21D1509B7007B415B /* Debug */,
				FABA31C31D1509B7007B415B /* Release */,
			);
			defaultConfigurationIsVisible = 0;
			defaultConfigurationName = Release;
		};
		FABA31C41D1509B7007B415B /* Build configuration list for PBXNativeTarget "StoryBoardTest" */ = {
			isa = XCConfigurationList;
			buildConfigurations = (
				FABA31C51D1509B7007B415B /* Debug */,
				FABA31C61D1509B7007B415B /* Release */,
			);
			defaultConfigurationIsVisible = 0;
		};
		FABA31C71D1509B7007B415B /* Build configuration list for PBXNativeTarget "StoryBoardTestTests" */ = {
			isa = XCConfigurationList;
			buildConfigurations = (
				FABA31C81D1509B7007B415B /* Debug */,
				FABA31C91D1509B7007B415B /* Release */,
			);
			defaultConfigurationIsVisible = 0;
		};
		FABA31CA1D1509B7007B415B /* Build configuration list for PBXNativeTarget "StoryBoardTestUITests" */ = {
			isa = XCConfigurationList;
			buildConfigurations = (
				FABA31CB1D1509B7007B415B /* Debug */,
				FABA31CC1D1509B7007B415B /* Release */,
			);
			defaultConfigurationIsVisible = 0;
		};
/* End XCConfigurationList section */
	};
	rootObject = FABA31941D1509B6007B415B /* Project object */;
}
